
Microsoft Visual Studio Solution File, Format Version 12.00
# Visual Studio Version 16
VisualStudioVersion = 16.0.31702.278
MinimumVisualStudioVersion = 10.0.40219.1
Project("{FAE04EC0-301F-11D3-BF4B-00C04F79EFBC}") = "GrpcService", "GrpcService\GrpcService.csproj", "{F5E44B16-0DDA-43B7-AC93-EF2EA41F368F}"
EndProject
Project("{FAE04EC0-301F-11D3-BF4B-00C04F79EFBC}") = "ConsoleAppNetCore", "ConsoleAppNetCore\ConsoleAppNetCore.csproj", "{E908B119-13B0-4D92-9A0C-8920DE0DEC6A}"
EndProject
Project("{FAE04EC0-301F-11D3-BF4B-00C04F79EFBC}") = "ConsoleAppNetFramework", "ConsoleAppNetFramework\ConsoleAppNetFramework.csproj", "{D2EC7A26-51B3-497C-A282-C5E45BFE2E86}"
EndProject
Global
	GlobalSection(SolutionConfigurationPlatforms) = preSolution
		Debug|Any CPU = Debug|Any CPU
		Release|Any CPU = Release|Any CPU
	EndGlobalSection
	GlobalSection(ProjectConfigurationPlatforms) = postSolution
		{F5E44B16-0DDA-43B7-AC93-EF2EA41F368F}.Debug|Any CPU.ActiveCfg = Debug|Any CPU
		{F5E44B16-0DDA-43B7-AC93-EF2EA41F368F}.Debug|Any CPU.Build.0 = Debug|Any CPU
		{F5E44B16-0DDA-43B7-AC93-EF2EA41F368F}.Release|Any CPU.ActiveCfg = Release|Any CPU
		{F5E44B16-0DDA-43B7-AC93-EF2EA41F368F}.Release|Any CPU.Build.0 = Release|Any CPU
		{E908B119-13B0-4D92-9A0C-8920DE0DEC6A}.Debug|Any CPU.ActiveCfg = Debug|Any CPU
		{E908B119-13B0-4D92-9A0C-8920DE0DEC6A}.Debug|Any CPU.Build.0 = Debug|Any CPU
		{E908B119-13B0-4D92-9A0C-8920DE0DEC6A}.Release|Any CPU.ActiveCfg = Release|Any CPU
		{E908B119-13B0-4D92-9A0C-8920DE0DEC6A}.Release|Any CPU.Build.0 = Release|Any CPU
		{D2EC7A26-51B3-497C-A282-C5E45BFE2E86}.Debug|Any CPU.ActiveCfg = Debug|Any CPU
		{D2EC7A26-51B3-497C-A282-C5E45BFE2E86}.Debug|Any CPU.Build.0 = Debug|Any CPU
		{D2EC7A26-51B3-497C-A282-C5E45BFE2E86}.Release|Any CPU.ActiveCfg = Release|Any CPU
		{D2EC7A26-51B3-497C-A282-C5E45BFE2E86}.Release|Any CPU.Build.0 = Release|Any CPU
	EndGlobalSection
	GlobalSection(SolutionProperties) = preSolution
		HideSolutionNode = FALSE
	EndGlobalSection
	GlobalSection(ExtensibilityGlobals) = postSolution
		SolutionGuid = {6D774CE8-CA6D-4736-A6F5-E79422C1617B}
	EndGlobalSection
EndGlobal
